
Microsoft Visual Studio Solution File, Format Version 12.00
# Visual Studio Version 17
VisualStudioVersion = 17.4.32804.182
MinimumVisualStudioVersion = 10.0.40219.1
Project("{FAE04EC0-301F-11D3-BF4B-00C04F79EFBC}") = "Intellisense汉化工具", "Intellisense汉化工具\Intellisense汉化工具.csproj", "{733E7DE1-D98D-4FFF-9933-0C82D4C9AA44}"
EndProject
Global
	GlobalSection(SolutionConfigurationPlatforms) = preSolution
		Debug|Any CPU = Debug|Any CPU
		Release|Any CPU = Release|Any CPU
	EndGlobalSection
	GlobalSection(ProjectConfigurationPlatforms) = postSolution
		{733E7DE1-D98D-4FFF-9933-0C82D4C9AA44}.Debug|Any CPU.ActiveCfg = Debug|Any CPU
		{733E7DE1-D98D-4FFF-9933-0C82D4C9AA44}.Debug|Any CPU.Build.0 = Debug|Any CPU
		{733E7DE1-D98D-4FFF-9933-0C82D4C9AA44}.Release|Any CPU.ActiveCfg = Release|Any CPU
		{733E7DE1-D98D-4FFF-9933-0C82D4C9AA44}.Release|Any CPU.Build.0 = Release|Any CPU
	EndGlobalSection
	GlobalSection(SolutionProperties) = preSolution
		HideSolutionNode = FALSE
	EndGlobalSection
	GlobalSection(ExtensibilityGlobals) = postSolution
		SolutionGuid = {408D16D9-BAB9-4D00-91AE-83D912702EE9}
	EndGlobalSection
EndGlobal
